{
  "name": "engineering-standards-codex-evaluator",
  "version": "1.0.0",
  "lockfileVersion": 3,
  "requires": true,
  "packages": {
    "": {
      "name": "engineering-standards-codex-evaluator",
      "version": "1.0.0",
      "license": "UNLICENSED",
      "dependencies": {
        "@openai/codex": "0.144.0-alpha.4"
      },
      "engines": {
        "node": ">=16"
      }
    },
    "node_modules/@openai/codex": {
      "version": "0.144.0-alpha.4",
      "resolved": "https://registry.npmjs.org/@openai/codex/-/codex-0.144.0-alpha.4.tgz",
      "integrity": "sha512-Uf915avv7ETTv5PFLPf+Bw2KICFXgW8M+5vMzoUlrJkcRlCOTs5FgzjLZPvawWOJqZEgFsrQuJeLMRog0XSxxQ==",
      "license": "Apache-2.0",
      "bin": {
        "codex": "bin/codex.js"
      },
      "engines": {
        "node": ">=16"
      },
      "optionalDependencies": {
        "@openai/codex-darwin-arm64": "npm:@openai/codex@0.144.0-alpha.4-darwin-arm64",
        "@openai/codex-darwin-x64": "npm:@openai/codex@0.144.0-alpha.4-darwin-x64",
        "@openai/codex-linux-arm64": "npm:@openai/codex@0.144.0-alpha.4-linux-arm64",
        "@openai/codex-linux-x64": "npm:@openai/codex@0.144.0-alpha.4-linux-x64",
        "@openai/codex-win32-arm64": "npm:@openai/codex@0.144.0-alpha.4-win32-arm64",
        "@openai/codex-win32-x64": "npm:@openai/codex@0.144.0-alpha.4-win32-x64"
      }
    },
    "node_modules/@openai/codex-darwin-arm64": {
      "name": "@openai/codex",
      "version": "0.144.0-alpha.4-darwin-arm64",
      "resolved": "https://registry.npmjs.org/@openai/codex/-/codex-0.144.0-alpha.4-darwin-arm64.tgz",
      "integrity": "sha512-Zj1PShacYmmhCwxT+GR8ewDnp94nTJTjxaUeKAwOkPGMaxztXMsdw54YzGrKUv6I0VD9wUjNSlv0z5OD0SnOpw==",
      "cpu": [
        "arm64"
      ],
      "license": "Apache-2.0",
      "optional": true,
      "os": [
        "darwin"
      ],
      "engines": {
        "node": ">=16"
      }
    },
    "node_modules/@openai/codex-darwin-x64": {
      "name": "@openai/codex",
      "version": "0.144.0-alpha.4-darwin-x64",
      "resolved": "https://registry.npmjs.org/@openai/codex/-/codex-0.144.0-alpha.4-darwin-x64.tgz",
      "integrity": "sha512-qRjTACVVcGw9RrnCawKr4hhPwRjwZlrBfnLzg2TJjrn5H+0BDelPo/1JIqntiVS+33WiDgdS7W0w4Y0Z3RsWPw==",
      "cpu": [
        "x64"
      ],
      "license": "Apache-2.0",
      "optional": true,
      "os": [
        "darwin"
      ],
      "engines": {
        "node": ">=16"
      }
    },
    "node_modules/@openai/codex-linux-arm64": {
      "name": "@openai/codex",
      "version": "0.144.0-alpha.4-linux-arm64",
      "resolved": "https://registry.npmjs.org/@openai/codex/-/codex-0.144.0-alpha.4-linux-arm64.tgz",
      "integrity": "sha512-zHOBhSzbFkaMozllvJxeR2l+0h4xrY+ol3D7Yzy6bao9qj+U6IsWMitTiSqTxCrXxhy9LnrcIfZi7u1BM7UiXQ==",
      "cpu": [
        "arm64"
      ],
      "license": "Apache-2.0",
      "optional": true,
      "os": [
        "linux"
      ],
      "engines": {
        "node": ">=16"
      }
    },
    "node_modules/@openai/codex-linux-x64": {
      "name": "@openai/codex",
      "version": "0.144.0-alpha.4-linux-x64",
      "resolved": "https://registry.npmjs.org/@openai/codex/-/codex-0.144.0-alpha.4-linux-x64.tgz",
      "integrity": "sha512-bysWc/oIkbJKfseQBhO7tyoblPf++FfmNJeznSRqK2/jJVLyMjRp9JIco7RJMLsON0F60Z9b9MtS5+A4pDeffA==",
      "cpu": [
        "x64"
      ],
      "license": "Apache-2.0",
      "optional": true,
      "os": [
        "linux"
      ],
      "engines": {
        "node": ">=16"
      }
    },
    "node_modules/@openai/codex-win32-arm64": {
      "name": "@openai/codex",
      "version": "0.144.0-alpha.4-win32-arm64",
      "resolved": "https://registry.npmjs.org/@openai/codex/-/codex-0.144.0-alpha.4-win32-arm64.tgz",
      "integrity": "sha512-p8mYoorvM9I/rUBrdhaG/HQ+c0J/LVUtZgwT9lbQZodD8jgj5IZotKgAwavmcAnekZRy5QuDYJVPktAqsfACug==",
      "cpu": [
        "arm64"
      ],
      "license": "Apache-2.0",
      "optional": true,
      "os": [
        "win32"
      ],
      "engines": {
        "node": ">=16"
      }
    },
    "node_modules/@openai/codex-win32-x64": {
      "name": "@openai/codex",
      "version": "0.144.0-alpha.4-win32-x64",
      "resolved": "https://registry.npmjs.org/@openai/codex/-/codex-0.144.0-alpha.4-win32-x64.tgz",
      "integrity": "sha512-Twh4KGWYEFJjgwzRdboHUgu6J3G40FIEEa6k2ClWhEGMuhqgiRvf+u3Y7O5s/WgR+tZDUR47x0akZ+VHTOcGPA==",
      "cpu": [
        "x64"
      ],
      "license": "Apache-2.0",
      "optional": true,
      "os": [
        "win32"
      ],
      "engines": {
        "node": ">=16"
      }
    }
  }
}
